
Microsoft Visual Studio Solution File, Format Version 12.00
# Visual Studio Version 17
VisualStudioVersion = 17.0.31903.59
MinimumVisualStudioVersion = 10.0.40219.1
Project("{2150E333-8FDC-42A3-9474-1A3956D46DE8}") = "src", "src", "{61E2B8D8-ECC2-4491-B7A9-31685925CCD5}"
	ProjectSection(SolutionItems) = preProject
		src\README.md = src\README.md
	EndProjectSection
EndProject
Project("{FAE04EC0-301F-11D3-BF4B-00C04F79EFBC}") = "BankMore.API", "src\BankMore.API\BankMore.API.csproj", "{21AD23FB-93C6-4B28-BC74-5CFA8D22BAAE}"
EndProject
Project("{FAE04EC0-301F-11D3-BF4B-00C04F79EFBC}") = "BankMore.Tarifas", "src\BankMore.Tarifas\BankMore.Tarifas.csproj", "{A356334D-3058-4B38-B52A-E4A1DB6944CE}"
EndProject
Project("{FAE04EC0-301F-11D3-BF4B-00C04F79EFBC}") = "BankMore.Domain", "src\BankMore.Domain\BankMore.Domain.csproj", "{64C39170-F2C3-449D-B738-76D989F1BF2B}"
EndProject
Project("{FAE04EC0-301F-11D3-BF4B-00C04F79EFBC}") = "BankMore.Infrastructure", "src\BankMore.Infrastructure\BankMore.Infrastructure.csproj", "{532AC11B-73B4-418B-95E5-FB0F33A30C97}"
EndProject
Global
	GlobalSection(SolutionConfigurationPlatforms) = preSolution
		Debug|Any CPU = Debug|Any CPU
		Release|Any CPU = Release|Any CPU
	EndGlobalSection
	GlobalSection(SolutionProperties) = preSolution
		HideSolutionNode = FALSE
	EndGlobalSection
	GlobalSection(ProjectConfigurationPlatforms) = postSolution
		{21AD23FB-93C6-4B28-BC74-5CFA8D22BAAE}.Debug|Any CPU.ActiveCfg = Debug|Any CPU
		{21AD23FB-93C6-4B28-BC74-5CFA8D22BAAE}.Debug|Any CPU.Build.0 = Debug|Any CPU
		{21AD23FB-93C6-4B28-BC74-5CFA8D22BAAE}.Release|Any CPU.ActiveCfg = Release|Any CPU
		{21AD23FB-93C6-4B28-BC74-5CFA8D22BAAE}.Release|Any CPU.Build.0 = Release|Any CPU
		{A356334D-3058-4B38-B52A-E4A1DB6944CE}.Debug|Any CPU.ActiveCfg = Debug|Any CPU
		{A356334D-3058-4B38-B52A-E4A1DB6944CE}.Debug|Any CPU.Build.0 = Debug|Any CPU
		{A356334D-3058-4B38-B52A-E4A1DB6944CE}.Release|Any CPU.ActiveCfg = Release|Any CPU
		{A356334D-3058-4B38-B52A-E4A1DB6944CE}.Release|Any CPU.Build.0 = Release|Any CPU
		{64C39170-F2C3-449D-B738-76D989F1BF2B}.Debug|Any CPU.ActiveCfg = Debug|Any CPU
		{64C39170-F2C3-449D-B738-76D989F1BF2B}.Debug|Any CPU.Build.0 = Debug|Any CPU
		{64C39170-F2C3-449D-B738-76D989F1BF2B}.Release|Any CPU.ActiveCfg = Release|Any CPU
		{64C39170-F2C3-449D-B738-76D989F1BF2B}.Release|Any CPU.Build.0 = Release|Any CPU
		{532AC11B-73B4-418B-95E5-FB0F33A30C97}.Debug|Any CPU.ActiveCfg = Debug|Any CPU
		{532AC11B-73B4-418B-95E5-FB0F33A30C97}.Debug|Any CPU.Build.0 = Debug|Any CPU
		{532AC11B-73B4-418B-95E5-FB0F33A30C97}.Release|Any CPU.ActiveCfg = Release|Any CPU
		{532AC11B-73B4-418B-95E5-FB0F33A30C97}.Release|Any CPU.Build.0 = Release|Any CPU
	EndGlobalSection
	GlobalSection(NestedProjects) = preSolution
		{21AD23FB-93C6-4B28-BC74-5CFA8D22BAAE} = {61E2B8D8-ECC2-4491-B7A9-31685925CCD5}
		{A356334D-3058-4B38-B52A-E4A1DB6944CE} = {61E2B8D8-ECC2-4491-B7A9-31685925CCD5}
		{64C39170-F2C3-449D-B738-76D989F1BF2B} = {61E2B8D8-ECC2-4491-B7A9-31685925CCD5}
		{532AC11B-73B4-418B-95E5-FB0F33A30C97} = {61E2B8D8-ECC2-4491-B7A9-31685925CCD5}
	EndGlobalSection
EndGlobal
